
Microsoft Visual Studio Solution File, Format Version 12.00
# Visual Studio Version 17
VisualStudioVersion = 17.0.31717.71
MinimumVisualStudioVersion = 10.0.40219.1
Project("{9A19103F-16F7-4668-BE54-9A1E7A4F7556}") = "CSharp_learn", "CSharp_learn\CSharp_learn.csproj", "{EF658B0C-8934-40F9-9A6F-566C08C4E585}"
EndProject
Project("{FAE04EC0-301F-11D3-BF4B-00C04F79EFBC}") = "FractionxUnit", "FractionxUnit\FractionxUnit.csproj", "{44EFD3A0-7F62-4EA4-A839-799D978DFFA9}"
EndProject
Global
	GlobalSection(SolutionConfigurationPlatforms) = preSolution
		Debug|Any CPU = Debug|Any CPU
		Release|Any CPU = Release|Any CPU
	EndGlobalSection
	GlobalSection(ProjectConfigurationPlatforms) = postSolution
		{EF658B0C-8934-40F9-9A6F-566C08C4E585}.Debug|Any CPU.ActiveCfg = Debug|Any CPU
		{EF658B0C-8934-40F9-9A6F-566C08C4E585}.Debug|Any CPU.Build.0 = Debug|Any CPU
		{EF658B0C-8934-40F9-9A6F-566C08C4E585}.Release|Any CPU.ActiveCfg = Release|Any CPU
		{EF658B0C-8934-40F9-9A6F-566C08C4E585}.Release|Any CPU.Build.0 = Release|Any CPU
		{44EFD3A0-7F62-4EA4-A839-799D978DFFA9}.Debug|Any CPU.ActiveCfg = Debug|Any CPU
		{44EFD3A0-7F62-4EA4-A839-799D978DFFA9}.Debug|Any CPU.Build.0 = Debug|Any CPU
		{44EFD3A0-7F62-4EA4-A839-799D978DFFA9}.Release|Any CPU.ActiveCfg = Release|Any CPU
		{44EFD3A0-7F62-4EA4-A839-799D978DFFA9}.Release|Any CPU.Build.0 = Release|Any CPU
	EndGlobalSection
	GlobalSection(SolutionProperties) = preSolution
		HideSolutionNode = FALSE
	EndGlobalSection
	GlobalSection(ExtensibilityGlobals) = postSolution
		SolutionGuid = {B882BEBE-388D-4662-A873-DF0B1872A586}
	EndGlobalSection
EndGlobal
